{
  "lockfile_version": "1",
  "packages": {
    "git@2.54.0": {
      "last_modified": "2026-07-09T04:39:57Z",
      "resolved": "github:NixOS/nixpkgs/80bd90efcad203e11e2c13e968c82a0ce2db3a2e#git",
      "source": "devbox-search",
      "version": "2.54.0",
      "systems": {
        "aarch64-darwin": {
          "outputs": [
            {
              "name": "out",
              "path": "/nix/store/01258rj9fvamcl4bf7yjffysmwyvd72i-git-2.54.0",
              "default": true
            },
            {
              "name": "doc",
              "path": "/nix/store/fa8bp120sy3kiyrsy6l47lfan0zjl589-git-2.54.0-doc"
            }
          ],
          "store_path": "/nix/store/01258rj9fvamcl4bf7yjffysmwyvd72i-git-2.54.0"
        },
        "aarch64-linux": {
          "outputs": [
            {
              "name": "out",
              "path": "/nix/store/r0581vs09k8g2pkd41w4g7m8y14rnpbc-git-2.54.0",
              "default": true
            },
            {
              "name": "debug",
              "path": "/nix/store/pf9h57hj6j7s6p16y9j3xlhqgzn60nin-git-2.54.0-debug"
            },
            {
              "name": "doc",
              "path": "/nix/store/hypxgl3rcxiyj56dq1ixwihqg23asklm-git-2.54.0-doc"
            }
          ],
          "store_path": "/nix/store/r0581vs09k8g2pkd41w4g7m8y14rnpbc-git-2.54.0"
        },
        "x86_64-darwin": {
          "outputs": [
            {
              "name": "out",
              "path": "/nix/store/x671lak90qvcxgc5irp4xv5zdbaym2yr-git-2.54.0",
              "default": true
            },
            {
              "name": "doc",
              "path": "/nix/store/zakmjh312hmg2yslsyqmnw8lb8dgmyyk-git-2.54.0-doc"
            }
          ],
          "store_path": "/nix/store/x671lak90qvcxgc5irp4xv5zdbaym2yr-git-2.54.0"
        },
        "x86_64-linux": {
          "outputs": [
            {
              "name": "out",
              "path": "/nix/store/1k2lblqlj39azh6wn1sffa2869vrg3mr-git-2.54.0",
              "default": true
            },
            {
              "name": "debug",
              "path": "/nix/store/6mj7lgxzx4zzdinr3xvxwa8gd0jrp4jq-git-2.54.0-debug"
            },
            {
              "name": "doc",
              "path": "/nix/store/6k14cjwl7a5q78w3dddbm4x49k9g4ywp-git-2.54.0-doc"
            }
          ],
          "store_path": "/nix/store/1k2lblqlj39azh6wn1sffa2869vrg3mr-git-2.54.0"
        }
      }
    },
    "github:NixOS/nixpkgs/nixpkgs-unstable": {
      "last_modified": "2025-12-29T16:45:58Z",
      "resolved": "github:NixOS/nixpkgs/346dd96ad74dc4457a9db9de4f4f57dab2e5731d?lastModified=1767026758"
    },
    "kubectl-tree@0.6.0": {
      "last_modified": "2026-07-08T21:13:06Z",
      "resolved": "github:NixOS/nixpkgs/389ed85304b281ca7f306cf8a1eb4378651ca44e#kubectl-tree",
      "source": "devbox-search",
      "version": "0.6.0",
      "systems": {
        "aarch64-darwin": {
          "outputs": [
            {
              "name": "out",
              "path": "/nix/store/v575gm1znzwclh6sfn8q3ldzyvj5z5dl-kubectl-tree-0.6.0",
              "default": true
            }
          ],
          "store_path": "/nix/store/v575gm1znzwclh6sfn8q3ldzyvj5z5dl-kubectl-tree-0.6.0"
        },
        "aarch64-linux": {
          "outputs": [
            {
              "name": "out",
              "path": "/nix/store/k0wv2zhdyd549zrczvb7chyvkv7fl531-kubectl-tree-0.6.0",
              "default": true
            }
          ],
          "store_path": "/nix/store/k0wv2zhdyd549zrczvb7chyvkv7fl531-kubectl-tree-0.6.0"
        },
        "x86_64-darwin": {
          "outputs": [
            {
              "name": "out",
              "path": "/nix/store/xl76hjwm1y06249j48pqc3pf0r9xg4jw-kubectl-tree-0.6.0",
              "default": true
            }
          ],
          "store_path": "/nix/store/xl76hjwm1y06249j48pqc3pf0r9xg4jw-kubectl-tree-0.6.0"
        },
        "x86_64-linux": {
          "outputs": [
            {
              "name": "out",
              "path": "/nix/store/y176bpq3b2zq6n4m0snnj16j1g04bp89-kubectl-tree-0.6.0",
              "default": true
            }
          ],
          "store_path": "/nix/store/y176bpq3b2zq6n4m0snnj16j1g04bp89-kubectl-tree-0.6.0"
        }
      }
    },
    "kubectl@1.36.2": {
      "last_modified": "2026-07-08T21:13:06Z",
      "resolved": "github:NixOS/nixpkgs/389ed85304b281ca7f306cf8a1eb4378651ca44e#kubectl",
      "source": "devbox-search",
      "version": "1.36.2",
      "systems": {
        "aarch64-darwin": {
          "outputs": [
            {
              "name": "out",
              "path": "/nix/store/806xyx70bxy95v1w2rardkzx6qjav9pb-kubectl-1.36.2",
              "default": true
            },
            {
              "name": "man",
              "path": "/nix/store/8iycjxifvxynsgvjnzz6gxj94dil34fw-kubectl-1.36.2-man",
              "default": true
            },
            {
              "name": "convert",
              "path": "/nix/store/xi9x58rkqqqxn8wa07m601f3s1y5m0s5-kubectl-1.36.2-convert"
            }
          ],
          "store_path": "/nix/store/806xyx70bxy95v1w2rardkzx6qjav9pb-kubectl-1.36.2"
        },
        "aarch64-linux": {
          "outputs": [
            {
              "name": "out",
              "path": "/nix/store/dnvm81l1g6avgzlvysih7b8f88028af0-kubectl-1.36.2",
              "default": true
            },
            {
              "name": "man",
              "path": "/nix/store/6isif4azydi68pd7nwbknd8sppn89cya-kubectl-1.36.2-man",
              "default": true
            },
            {
              "name": "convert",
              "path": "/nix/store/ivx4kgsqkj864nsnn5pw07n2nfih8k2j-kubectl-1.36.2-convert"
            }
          ],
          "store_path": "/nix/store/dnvm81l1g6avgzlvysih7b8f88028af0-kubectl-1.36.2"
        },
        "x86_64-darwin": {
          "outputs": [
            {
              "name": "out",
              "path": "/nix/store/2mzx35a2g3h1n4lpk0p6qm6dl83d2gi6-kubectl-1.36.2",
              "default": true
            },
            {
              "name": "man",
              "path": "/nix/store/8agbav6nsacbxb826wwhy27dckb60hhk-kubectl-1.36.2-man",
              "default": true
            },
            {
              "name": "convert",
              "path": "/nix/store/xavdplccjx28qkqadjgs7mnimc3sizjk-kubectl-1.36.2-convert"
            }
          ],
          "store_path": "/nix/store/2mzx35a2g3h1n4lpk0p6qm6dl83d2gi6-kubectl-1.36.2"
        },
        "x86_64-linux": {
          "outputs": [
            {
              "name": "out",
              "path": "/nix/store/8y8mkasqzjkgr5349s2hmac8wzfwmcy2-kubectl-1.36.2",
              "default": true
            },
            {
              "name": "man",
              "path": "/nix/store/hhgwf0kvf9csq6nwbq3ngsd10qmzjf12-kubectl-1.36.2-man",
              "default": true
            },
            {
              "name": "convert",
              "path": "/nix/store/bid336w6fdvrxcm73cf41fd3n06bw6vg-kubectl-1.36.2-convert"
            }
          ],
          "store_path": "/nix/store/8y8mkasqzjkgr5349s2hmac8wzfwmcy2-kubectl-1.36.2"
        }
      }
    },
    "kubernetes-helm@3.19.1": {
      "last_modified": "2025-11-23T21:50:36Z",
      "resolved": "github:NixOS/nixpkgs/ee09932cedcef15aaf476f9343d1dea2cb77e261#kubernetes-helm",
      "source": "devbox-search",
      "version": "3.19.1",
      "systems": {
        "aarch64-darwin": {
          "outputs": [
            {
              "name": "out",
              "path": "/nix/store/xx21h4bmbmhncdlhw5q7gp3wx50x0y5g-kubernetes-helm-3.19.1",
              "default": true
            }
          ],
          "store_path": "/nix/store/xx21h4bmbmhncdlhw5q7gp3wx50x0y5g-kubernetes-helm-3.19.1"
        },
        "aarch64-linux": {
          "outputs": [
            {
              "name": "out",
              "path": "/nix/store/s702f0l23v078mm6jkrbc7bx0qpjrzwm-kubernetes-helm-3.19.1",
              "default": true
            }
          ],
          "store_path": "/nix/store/s702f0l23v078mm6jkrbc7bx0qpjrzwm-kubernetes-helm-3.19.1"
        },
        "x86_64-darwin": {
          "outputs": [
            {
              "name": "out",
              "path": "/nix/store/z2is6ibqddfxx8mb1hybly00hb902h85-kubernetes-helm-3.19.1",
              "default": true
            }
          ],
          "store_path": "/nix/store/z2is6ibqddfxx8mb1hybly00hb902h85-kubernetes-helm-3.19.1"
        },
        "x86_64-linux": {
          "outputs": [
            {
              "name": "out",
              "path": "/nix/store/b7g7s0jpfs93g7s1b556166mcswbkmcx-kubernetes-helm-3.19.1",
              "default": true
            }
          ],
          "store_path": "/nix/store/b7g7s0jpfs93g7s1b556166mcswbkmcx-kubernetes-helm-3.19.1"
        }
      }
    },
    "vals@0.42.6": {
      "last_modified": "2025-11-27T07:58:14Z",
      "resolved": "github:NixOS/nixpkgs/0d59e0290eefe0f12512043842d7096c4070f30e#vals",
      "source": "devbox-search",
      "version": "0.42.6",
      "systems": {
        "aarch64-darwin": {
          "outputs": [
            {
              "name": "out",
              "path": "/nix/store/8j54xr0kkg1hkz2q7dzw6wdrrbr5yrsz-vals-0.42.6",
              "default": true
            }
          ],
          "store_path": "/nix/store/8j54xr0kkg1hkz2q7dzw6wdrrbr5yrsz-vals-0.42.6"
        },
        "aarch64-linux": {
          "outputs": [
            {
              "name": "out",
              "path": "/nix/store/ixvjccmjjd99saj57z12ag6fzrxbv2r7-vals-0.42.6",
              "default": true
            }
          ],
          "store_path": "/nix/store/ixvjccmjjd99saj57z12ag6fzrxbv2r7-vals-0.42.6"
        },
        "x86_64-darwin": {
          "outputs": [
            {
              "name": "out",
              "path": "/nix/store/qf4vn04p47i4fpkj7in26jg7x17anmjm-vals-0.42.6",
              "default": true
            }
          ],
          "store_path": "/nix/store/qf4vn04p47i4fpkj7in26jg7x17anmjm-vals-0.42.6"
        },
        "x86_64-linux": {
          "outputs": [
            {
              "name": "out",
              "path": "/nix/store/3n06kas34v6pggbwkx1zp9di75nhx57k-vals-0.42.6",
              "default": true
            }
          ],
          "store_path": "/nix/store/3n06kas34v6pggbwkx1zp9di75nhx57k-vals-0.42.6"
        }
      }
    },
    "yq-go@4.53.3": {
      "last_modified": "2026-07-08T21:13:06Z",
      "resolved": "github:NixOS/nixpkgs/389ed85304b281ca7f306cf8a1eb4378651ca44e#yq-go",
      "source": "devbox-search",
      "version": "4.53.3",
      "systems": {
        "aarch64-darwin": {
          "outputs": [
            {
              "name": "out",
              "path": "/nix/store/9x8sapbkkkwxy4qn6lq32qx8bqf5d2jr-yq-go-4.53.3",
              "default": true
            }
          ],
          "store_path": "/nix/store/9x8sapbkkkwxy4qn6lq32qx8bqf5d2jr-yq-go-4.53.3"
        },
        "aarch64-linux": {
          "outputs": [
            {
              "name": "out",
              "path": "/nix/store/s24bx4a3657gmnryahqa7didwa8bcii5-yq-go-4.53.3",
              "default": true
            }
          ],
          "store_path": "/nix/store/s24bx4a3657gmnryahqa7didwa8bcii5-yq-go-4.53.3"
        },
        "x86_64-darwin": {
          "outputs": [
            {
              "name": "out",
              "path": "/nix/store/agf9fyr053m3092vsmh6vih3apz0kw05-yq-go-4.53.3",
              "default": true
            }
          ],
          "store_path": "/nix/store/agf9fyr053m3092vsmh6vih3apz0kw05-yq-go-4.53.3"
        },
        "x86_64-linux": {
          "outputs": [
            {
              "name": "out",
              "path": "/nix/store/cgad2c1jkcm04mrgf7djy5c4dyylr60v-yq-go-4.53.3",
              "default": true
            }
          ],
          "store_path": "/nix/store/cgad2c1jkcm04mrgf7djy5c4dyylr60v-yq-go-4.53.3"
        }
      }
    }
  }
}
