{
  "lockfile_version": "1",
  "packages": {
    "git@2.55.0": {
      "last_modified": "2026-07-23T05:10:05Z",
      "resolved": "github:NixOS/nixpkgs/7525d999cd850b9a488817abc89c75dc733acf17#git",
      "source": "devbox-search",
      "version": "2.55.0",
      "systems": {
        "aarch64-darwin": {
          "outputs": [
            {
              "name": "out",
              "path": "/nix/store/mm146m54sdyyqlgn1vs1y2ha8qkqbq4d-git-2.55.0",
              "default": true
            },
            {
              "name": "doc",
              "path": "/nix/store/6zngfmnwj4f1i6y81sbp2ni3nfzbhapr-git-2.55.0-doc"
            }
          ],
          "store_path": "/nix/store/mm146m54sdyyqlgn1vs1y2ha8qkqbq4d-git-2.55.0"
        },
        "aarch64-linux": {
          "outputs": [
            {
              "name": "out",
              "path": "/nix/store/m5pr759k6l5w4pry4d96nk47hj8pq1fp-git-2.55.0",
              "default": true
            },
            {
              "name": "debug",
              "path": "/nix/store/3vz6cdc94ch6vyfvs2hsr3di4a112dcl-git-2.55.0-debug"
            },
            {
              "name": "doc",
              "path": "/nix/store/7i5h1q53czyr7pi9zv5ljdyi3x88w362-git-2.55.0-doc"
            }
          ],
          "store_path": "/nix/store/m5pr759k6l5w4pry4d96nk47hj8pq1fp-git-2.55.0"
        },
        "x86_64-linux": {
          "outputs": [
            {
              "name": "out",
              "path": "/nix/store/rq1vg974qcxzb9dazz9dbq2qm72r9fa4-git-2.55.0",
              "default": true
            },
            {
              "name": "debug",
              "path": "/nix/store/q36dlq816877n8is15shkyhcwp1d4va1-git-2.55.0-debug"
            },
            {
              "name": "doc",
              "path": "/nix/store/kbddl0iwydskifb753jn5zhzayazzfwm-git-2.55.0-doc"
            }
          ],
          "store_path": "/nix/store/rq1vg974qcxzb9dazz9dbq2qm72r9fa4-git-2.55.0"
        }
      }
    },
    "github:NixOS/nixpkgs/nixpkgs-unstable": {
      "last_modified": "2025-12-29T16:45:58Z",
      "resolved": "github:NixOS/nixpkgs/346dd96ad74dc4457a9db9de4f4f57dab2e5731d?lastModified=1767026758"
    },
    "kubectl-tree@0.6.0": {
      "last_modified": "2026-07-08T21:13:06Z",
      "resolved": "github:NixOS/nixpkgs/389ed85304b281ca7f306cf8a1eb4378651ca44e#kubectl-tree",
      "source": "devbox-search",
      "version": "0.6.0",
      "systems": {
        "aarch64-darwin": {
          "outputs": [
            {
              "name": "out",
              "path": "/nix/store/v575gm1znzwclh6sfn8q3ldzyvj5z5dl-kubectl-tree-0.6.0",
              "default": true
            }
          ],
          "store_path": "/nix/store/v575gm1znzwclh6sfn8q3ldzyvj5z5dl-kubectl-tree-0.6.0"
        },
        "aarch64-linux": {
          "outputs": [
            {
              "name": "out",
              "path": "/nix/store/k0wv2zhdyd549zrczvb7chyvkv7fl531-kubectl-tree-0.6.0",
              "default": true
            }
          ],
          "store_path": "/nix/store/k0wv2zhdyd549zrczvb7chyvkv7fl531-kubectl-tree-0.6.0"
        },
        "x86_64-darwin": {
          "outputs": [
            {
              "name": "out",
              "path": "/nix/store/xl76hjwm1y06249j48pqc3pf0r9xg4jw-kubectl-tree-0.6.0",
              "default": true
            }
          ],
          "store_path": "/nix/store/xl76hjwm1y06249j48pqc3pf0r9xg4jw-kubectl-tree-0.6.0"
        },
        "x86_64-linux": {
          "outputs": [
            {
              "name": "out",
              "path": "/nix/store/y176bpq3b2zq6n4m0snnj16j1g04bp89-kubectl-tree-0.6.0",
              "default": true
            }
          ],
          "store_path": "/nix/store/y176bpq3b2zq6n4m0snnj16j1g04bp89-kubectl-tree-0.6.0"
        }
      }
    },
    "kubectl@1.36.3": {
      "last_modified": "2026-08-01T16:34:20Z",
      "resolved": "github:NixOS/nixpkgs/a5cbcfe954791221bfffe2307f7d1a1bf61a871e#kubectl",
      "source": "devbox-search",
      "version": "1.36.3",
      "systems": {
        "aarch64-darwin": {
          "outputs": [
            {
              "name": "out",
              "path": "/nix/store/3qb9nx5p60da5mxgpqykdgmr5yy63b25-kubectl-1.36.3",
              "default": true
            },
            {
              "name": "man",
              "path": "/nix/store/d5nh9pwixcm9672rhqwy655k9i2a26lp-kubectl-1.36.3-man",
              "default": true
            },
            {
              "name": "convert",
              "path": "/nix/store/yzb59f5y4qhra438w2lma11svrl58j9w-kubectl-1.36.3-convert"
            }
          ],
          "store_path": "/nix/store/3qb9nx5p60da5mxgpqykdgmr5yy63b25-kubectl-1.36.3"
        },
        "aarch64-linux": {
          "outputs": [
            {
              "name": "out",
              "path": "/nix/store/hrvl2jwvk4n983cm0pznqqq1wngkz5wi-kubectl-1.36.3",
              "default": true
            },
            {
              "name": "man",
              "path": "/nix/store/c2pj3axay86cxhmi9fmxd5g0rm7cpxb9-kubectl-1.36.3-man",
              "default": true
            },
            {
              "name": "convert",
              "path": "/nix/store/mj3q2rip56ykf0amhi5qldmpzmcwhl7s-kubectl-1.36.3-convert"
            }
          ],
          "store_path": "/nix/store/hrvl2jwvk4n983cm0pznqqq1wngkz5wi-kubectl-1.36.3"
        },
        "x86_64-linux": {
          "outputs": [
            {
              "name": "out",
              "path": "/nix/store/gr13vsi0xrrw3y6fpyrk2kgmkidpqrm9-kubectl-1.36.3",
              "default": true
            },
            {
              "name": "man",
              "path": "/nix/store/1yn762n6qnzpbrvmrz4qh1fd3gphg78z-kubectl-1.36.3-man",
              "default": true
            },
            {
              "name": "convert",
              "path": "/nix/store/xm69shzq95d044c87296rjfsq6a9fi3d-kubectl-1.36.3-convert"
            }
          ],
          "store_path": "/nix/store/gr13vsi0xrrw3y6fpyrk2kgmkidpqrm9-kubectl-1.36.3"
        }
      }
    },
    "kubernetes-helm@4.2.3": {
      "last_modified": "2026-07-11T07:21:12Z",
      "resolved": "github:NixOS/nixpkgs/770b9bbb84018993c8f009d437fff6c2e3077037#kubernetes-helm",
      "source": "devbox-search",
      "version": "4.2.3",
      "systems": {
        "aarch64-darwin": {
          "outputs": [
            {
              "name": "out",
              "path": "/nix/store/jg1p2gzhrgg5d0wfdv45j1144q3ms3i2-kubernetes-helm-4.2.3",
              "default": true
            }
          ],
          "store_path": "/nix/store/jg1p2gzhrgg5d0wfdv45j1144q3ms3i2-kubernetes-helm-4.2.3"
        },
        "aarch64-linux": {
          "outputs": [
            {
              "name": "out",
              "path": "/nix/store/0fmrj3fq2j2l95cj12pw1bkni4nihwsl-kubernetes-helm-4.2.3",
              "default": true
            }
          ],
          "store_path": "/nix/store/0fmrj3fq2j2l95cj12pw1bkni4nihwsl-kubernetes-helm-4.2.3"
        },
        "x86_64-linux": {
          "outputs": [
            {
              "name": "out",
              "path": "/nix/store/7vgl8w4ma0pl7f32n0rjgnmj6xalmiac-kubernetes-helm-4.2.3",
              "default": true
            }
          ],
          "store_path": "/nix/store/7vgl8w4ma0pl7f32n0rjgnmj6xalmiac-kubernetes-helm-4.2.3"
        }
      }
    },
    "vals@0.44.5": {
      "last_modified": "2026-07-23T05:10:05Z",
      "resolved": "github:NixOS/nixpkgs/7525d999cd850b9a488817abc89c75dc733acf17#vals",
      "source": "devbox-search",
      "version": "0.44.5",
      "systems": {
        "aarch64-darwin": {
          "outputs": [
            {
              "name": "out",
              "path": "/nix/store/w9xbkm4i6228vqhnc2yclzay32w431pc-vals-0.44.5",
              "default": true
            }
          ],
          "store_path": "/nix/store/w9xbkm4i6228vqhnc2yclzay32w431pc-vals-0.44.5"
        },
        "aarch64-linux": {
          "outputs": [
            {
              "name": "out",
              "path": "/nix/store/svyyhcgd5s4xr2w75wsssypiz37834sf-vals-0.44.5",
              "default": true
            }
          ],
          "store_path": "/nix/store/svyyhcgd5s4xr2w75wsssypiz37834sf-vals-0.44.5"
        },
        "x86_64-linux": {
          "outputs": [
            {
              "name": "out",
              "path": "/nix/store/90w7miwpdcj2ksh8k8q6fnssij6asc3d-vals-0.44.5",
              "default": true
            }
          ],
          "store_path": "/nix/store/90w7miwpdcj2ksh8k8q6fnssij6asc3d-vals-0.44.5"
        }
      }
    },
    "yq-go@4.53.3": {
      "last_modified": "2026-07-08T21:13:06Z",
      "resolved": "github:NixOS/nixpkgs/389ed85304b281ca7f306cf8a1eb4378651ca44e#yq-go",
      "source": "devbox-search",
      "version": "4.53.3",
      "systems": {
        "aarch64-darwin": {
          "outputs": [
            {
              "name": "out",
              "path": "/nix/store/9x8sapbkkkwxy4qn6lq32qx8bqf5d2jr-yq-go-4.53.3",
              "default": true
            }
          ],
          "store_path": "/nix/store/9x8sapbkkkwxy4qn6lq32qx8bqf5d2jr-yq-go-4.53.3"
        },
        "aarch64-linux": {
          "outputs": [
            {
              "name": "out",
              "path": "/nix/store/s24bx4a3657gmnryahqa7didwa8bcii5-yq-go-4.53.3",
              "default": true
            }
          ],
          "store_path": "/nix/store/s24bx4a3657gmnryahqa7didwa8bcii5-yq-go-4.53.3"
        },
        "x86_64-darwin": {
          "outputs": [
            {
              "name": "out",
              "path": "/nix/store/agf9fyr053m3092vsmh6vih3apz0kw05-yq-go-4.53.3",
              "default": true
            }
          ],
          "store_path": "/nix/store/agf9fyr053m3092vsmh6vih3apz0kw05-yq-go-4.53.3"
        },
        "x86_64-linux": {
          "outputs": [
            {
              "name": "out",
              "path": "/nix/store/cgad2c1jkcm04mrgf7djy5c4dyylr60v-yq-go-4.53.3",
              "default": true
            }
          ],
          "store_path": "/nix/store/cgad2c1jkcm04mrgf7djy5c4dyylr60v-yq-go-4.53.3"
        }
      }
    }
  }
}
